
Microsoft Visual Studio Solution File, Format Version 12.00
# Visual Studio 15
VisualStudioVersion = 15.0.28307.168
MinimumVisualStudioVersion = 10.0.40219.1
Project("{FAE04EC0-301F-11D3-BF4B-00C04F79EFBC}") = "Otec", "Otec\Otec.csproj", "{76A7687F-2A49-4BB7-9390-D3C9F0C2BA28}"
EndProject
Project("{FAE04EC0-301F-11D3-BF4B-00C04F79EFBC}") = "OtecLibrary", "OtecLibrary\OtecLibrary.csproj", "{118A7A36-DCD7-44DC-AD0D-A9E247F4A014}"
EndProject
Project("{FAE04EC0-301F-11D3-BF4B-00C04F79EFBC}") = "ClaseDatos", "ClaseDatos\ClaseDatos.csproj", "{E2DC95E7-90CF-4804-91D2-2E4E5B6B69BD}"
EndProject
Project("{FAE04EC0-301F-11D3-BF4B-00C04F79EFBC}") = "WebOtec", "WebOtec\WebOtec.csproj", "{774354B0-FE13-4A54-8FF1-AEF224F90B7D}"
EndProject
Global
	GlobalSection(SolutionConfigurationPlatforms) = preSolution
		Debug|Any CPU = Debug|Any CPU
		Release|Any CPU = Release|Any CPU
	EndGlobalSection
	GlobalSection(ProjectConfigurationPlatforms) = postSolution
		{76A7687F-2A49-4BB7-9390-D3C9F0C2BA28}.Debug|Any CPU.ActiveCfg = Debug|Any CPU
		{76A7687F-2A49-4BB7-9390-D3C9F0C2BA28}.Debug|Any CPU.Build.0 = Debug|Any CPU
		{76A7687F-2A49-4BB7-9390-D3C9F0C2BA28}.Release|Any CPU.ActiveCfg = Release|Any CPU
		{76A7687F-2A49-4BB7-9390-D3C9F0C2BA28}.Release|Any CPU.Build.0 = Release|Any CPU
		{118A7A36-DCD7-44DC-AD0D-A9E247F4A014}.Debug|Any CPU.ActiveCfg = Debug|Any CPU
		{118A7A36-DCD7-44DC-AD0D-A9E247F4A014}.Debug|Any CPU.Build.0 = Debug|Any CPU
		{118A7A36-DCD7-44DC-AD0D-A9E247F4A014}.Release|Any CPU.ActiveCfg = Release|Any CPU
		{118A7A36-DCD7-44DC-AD0D-A9E247F4A014}.Release|Any CPU.Build.0 = Release|Any CPU
		{E2DC95E7-90CF-4804-91D2-2E4E5B6B69BD}.Debug|Any CPU.ActiveCfg = Debug|Any CPU
		{E2DC95E7-90CF-4804-91D2-2E4E5B6B69BD}.Debug|Any CPU.Build.0 = Debug|Any CPU
		{E2DC95E7-90CF-4804-91D2-2E4E5B6B69BD}.Release|Any CPU.ActiveCfg = Release|Any CPU
		{E2DC95E7-90CF-4804-91D2-2E4E5B6B69BD}.Release|Any CPU.Build.0 = Release|Any CPU
		{774354B0-FE13-4A54-8FF1-AEF224F90B7D}.Debug|Any CPU.ActiveCfg = Debug|Any CPU
		{774354B0-FE13-4A54-8FF1-AEF224F90B7D}.Debug|Any CPU.Build.0 = Debug|Any CPU
		{774354B0-FE13-4A54-8FF1-AEF224F90B7D}.Release|Any CPU.ActiveCfg = Release|Any CPU
		{774354B0-FE13-4A54-8FF1-AEF224F90B7D}.Release|Any CPU.Build.0 = Release|Any CPU
	EndGlobalSection
	GlobalSection(SolutionProperties) = preSolution
		HideSolutionNode = FALSE
	EndGlobalSection
	GlobalSection(ExtensibilityGlobals) = postSolution
		SolutionGuid = {F040CF92-5A91-4B7F-AC8A-B72D7992929D}
	EndGlobalSection
EndGlobal
